// !$*UTF8*$!
{
	archiveVersion = 1;
	classes = {
	};
	objectVersion = 46;
	objects = {

/* Begin PBXBuildFile section */
		2456873E1E7A61FF009E687E /* HealthKit.framework in Frameworks */ = {isa = PBXBuildFile; fileRef = 2456873D1E7A61FF009E687E /* HealthKit.framework */; };
		245687411E7B4AF1009E687E /* HealthKitManager.swift in Sources */ = {isa = PBXBuildFile; fileRef = 245687401E7B4AF1009E687E /* HealthKitManager.swift */; };
		248246A01E77E69B00A3D4CB /* ViewController2.swift in Sources */ = {isa = PBXBuildFile; fileRef = 2482469F1E77E69B00A3D4CB /* ViewController2.swift */; };
		24A5DA991E8333E90007C290 /* TabBarViewController.swift in Sources */ = {isa = PBXBuildFile; fileRef = 24A5DA981E8333E90007C290 /* TabBarViewController.swift */; };
		24A5DA9B1E83340D0007C290 /* TableViewController.swift in Sources */ = {isa = PBXBuildFile; fileRef = 24A5DA9A1E83340D0007C290 /* TableViewController.swift */; };
		24A5DA9D1E8334350007C290 /* DayViewController.swift in Sources */ = {isa = PBXBuildFile; fileRef = 24A5DA9C1E8334350007C290 /* DayViewController.swift */; };
		24A5DA9F1E8334440007C290 /* DetailViewController.swift in Sources */ = {isa = PBXBuildFile; fileRef = 24A5DA9E1E8334440007C290 /* DetailViewController.swift */; };
		24C5BBCC1E5FA3BE00D17B2E /* AppDelegate.swift in Sources */ = {isa = PBXBuildFile; fileRef = 24C5BBCB1E5FA3BE00D17B2E /* AppDelegate.swift */; };
		24C5BBCE1E5FA3BE00D17B2E /* LoginViewController.swift in Sources */ = {isa = PBXBuildFile; fileRef = 24C5BBCD1E5FA3BE00D17B2E /* LoginViewController.swift */; };
		24C5BBD11E5FA3BE00D17B2E /* Main.storyboard in Resources */ = {isa = PBXBuildFile; fileRef = 24C5BBCF1E5FA3BE00D17B2E /* Main.storyboard */; };
		24C5BBD31E5FA3BE00D17B2E /* Assets.xcassets in Resources */ = {isa = PBXBuildFile; fileRef = 24C5BBD21E5FA3BE00D17B2E /* Assets.xcassets */; };
		24C5BBD61E5FA3BE00D17B2E /* LaunchScreen.storyboard in Resources */ = {isa = PBXBuildFile; fileRef = 24C5BBD41E5FA3BE00D17B2E /* LaunchScreen.storyboard */; };
		24C5BBE11E5FA3BE00D17B2E /* HeartGuardTests.swift in Sources */ = {isa = PBXBuildFile; fileRef = 24C5BBE01E5FA3BE00D17B2E /* HeartGuardTests.swift */; };
		24C5BBEC1E5FA3BE00D17B2E /* HeartGuardUITests.swift in Sources */ = {isa = PBXBuildFile; fileRef = 24C5BBEB1E5FA3BE00D17B2E /* HeartGuardUITests.swift */; };
		24EFC2A81E760983009EA96A /* GoogleService-Info.plist in Resources */ = {isa = PBXBuildFile; fileRef = 24EFC2A71E760983009EA96A /* GoogleService-Info.plist */; };
		5E5A84C4F9380512D98D5FAA /* Pods_HeartGuard.framework in Frameworks */ = {isa = PBXBuildFile; fileRef = BE0EABF8809E813CD7926CF8 /* Pods_HeartGuard.framework */; };
/* End PBXBuildFile section */

/* Begin PBXContainerItemProxy section */
		24C5BBDD1E5FA3BE00D17B2E /* PBXContainerItemProxy */ = {
			isa = PBXContainerItemProxy;
			containerPortal = 24C5BBC01E5FA3BE00D17B2E /* Project object */;
			proxyType = 1;
			remoteGlobalIDString = 24C5BBC71E5FA3BE00D17B2E;
			remoteInfo = HeartGuard;
		};
		24C5BBE81E5FA3BE00D17B2E /* PBXContainerItemProxy */ = {
			isa = PBXContainerItemProxy;
			containerPortal = 24C5BBC01E5FA3BE00D17B2E /* Project object */;
			proxyType = 1;
			remoteGlobalIDString = 24C5BBC71E5FA3BE00D17B2E;
			remoteInfo = HeartGuard;
		};
/* End PBXContainerItemProxy section */

/* Begin PBXFileReference section */
		2456873C1E7A61FE009E687E /* HeartGuard.entitlements */ = {isa = PBXFileReference; lastKnownFileType = text.plist.entitlements; path = HeartGuard.entitlements; sourceTree = "<group>"; };
		2456873D1E7A61FF009E687E /* HealthKit.framework */ = {isa = PBXFileReference; lastKnownFileType = wrapper.framework; name = HealthKit.framework; path = System/Library/Frameworks/HealthKit.framework; sourceTree = SDKROOT; };
		245687401E7B4AF1009E687E /* HealthKitManager.swift */ = {isa = PBXFileReference; fileEncoding = 4; lastKnownFileType = sourcecode.swift; path = HealthKitManager.swift; sourceTree = "<group>"; };
		2482469F1E77E69B00A3D4CB /* ViewController2.swift */ = {isa = PBXFileReference; fileEncoding = 4; lastKnownFileType = sourcecode.swift; path = ViewController2.swift; sourceTree = "<group>"; };
		24A5DA981E8333E90007C290 /* TabBarViewController.swift */ = {isa = PBXFileReference; fileEncoding = 4; lastKnownFileType = sourcecode.swift; path = TabBarViewController.swift; sourceTree = "<group>"; };
		24A5DA9A1E83340D0007C290 /* TableViewController.swift */ = {isa = PBXFileReference; fileEncoding = 4; lastKnownFileType = sourcecode.swift; path = TableViewController.swift; sourceTree = "<group>"; };
		24A5DA9C1E8334350007C290 /* DayViewController.swift */ = {isa = PBXFileReference; fileEncoding = 4; lastKnownFileType = sourcecode.swift; path = DayViewController.swift; sourceTree = "<group>"; };
		24A5DA9E1E8334440007C290 /* DetailViewController.swift */ = {isa = PBXFileReference; fileEncoding = 4; lastKnownFileType = sourcecode.swift; path = DetailViewController.swift; sourceTree = "<group>"; };
		24C5BBC81E5FA3BE00D17B2E /* HeartGuard.app */ = {isa = PBXFileReference; explicitFileType = wrapper.application; includeInIndex = 0; path = HeartGuard.app; sourceTree = BUILT_PRODUCTS_DIR; };
		24C5BBCB1E5FA3BE00D17B2E /* AppDelegate.swift */ = {isa = PBXFileReference; lastKnownFileType = sourcecode.swift; path = AppDelegate.swift; sourceTree = "<group>"; };
		24C5BBCD1E5FA3BE00D17B2E /* LoginViewController.swift */ = {isa = PBXFileReference; lastKnownFileType = sourcecode.swift; path = LoginViewController.swift; sourceTree = "<group>"; };
		24C5BBD01E5FA3BE00D17B2E /* Base */ = {isa = PBXFileReference; lastKnownFileType = file.storyboard; name = Base; path = Base.lproj/Main.storyboard; sourceTree = "<group>"; };
		24C5BBD21E5FA3BE00D17B2E /* Assets.xcassets */ = {isa = PBXFileReference; lastKnownFileType = folder.assetcatalog; path = Assets.xcassets; sourceTree = "<group>"; };
		24C5BBD51E5FA3BE00D17B2E /* Base */ = {isa = PBXFileReference; lastKnownFileType = file.storyboard; name = Base; path = Base.lproj/LaunchScreen.storyboard; sourceTree = "<group>"; };
		24C5BBD71E5FA3BE00D17B2E /* Info.plist */ = {isa = PBXFileReference; lastKnownFileType = text.plist.xml; path = Info.plist; sourceTree = "<group>"; };
		24C5BBDC1E5FA3BE00D17B2E /* HeartGuardTests.xctest */ = {isa = PBXFileReference; explicitFileType = wrapper.cfbundle; includeInIndex = 0; path = HeartGuardTests.xctest; sourceTree = BUILT_PRODUCTS_DIR; };
		24C5BBE01E5FA3BE00D17B2E /* HeartGuardTests.swift */ = {isa = PBXFileReference; lastKnownFileType = sourcecode.swift; path = HeartGuardTests.swift; sourceTree = "<group>"; };
		24C5BBE21E5FA3BE00D17B2E /* Info.plist */ = {isa = PBXFileReference; lastKnownFileType = text.plist.xml; path = Info.plist; sourceTree = "<group>"; };
		24C5BBE71E5FA3BE00D17B2E /* HeartGuardUITests.xctest */ = {isa = PBXFileReference; explicitFileType = wrapper.cfbundle; includeInIndex = 0; path = HeartGuardUITests.xctest; sourceTree = BUILT_PRODUCTS_DIR; };
		24C5BBEB1E5FA3BE00D17B2E /* HeartGuardUITests.swift */ = {isa = PBXFileReference; lastKnownFileType = sourcecode.swift; path = HeartGuardUITests.swift; sourceTree = "<group>"; };
		24C5BBED1E5FA3BE00D17B2E /* Info.plist */ = {isa = PBXFileReference; lastKnownFileType = text.plist.xml; path = Info.plist; sourceTree = "<group>"; };
		24EFC2A71E760983009EA96A /* GoogleService-Info.plist */ = {isa = PBXFileReference; fileEncoding = 4; lastKnownFileType = text.plist.xml; path = "GoogleService-Info.plist"; sourceTree = "<group>"; };
		45547300CA02E317EF96CCAE /* Pods-HeartGuard.debug.xcconfig */ = {isa = PBXFileReference; includeInIndex = 1; lastKnownFileType = text.xcconfig; name = "Pods-HeartGuard.debug.xcconfig"; path = "Pods/Target Support Files/Pods-HeartGuard/Pods-HeartGuard.debug.xcconfig"; sourceTree = "<group>"; };
		68AEB57C8C385E9CEE59157F /* Pods-HeartGuard.release.xcconfig */ = {isa = PBXFileReference; includeInIndex = 1; lastKnownFileType = text.xcconfig; name = "Pods-HeartGuard.release.xcconfig"; path = "Pods/Target Support Files/Pods-HeartGuard/Pods-HeartGuard.release.xcconfig"; sourceTree = "<group>"; };
		BE0EABF8809E813CD7926CF8 /* Pods_HeartGuard.framework */ = {isa = PBXFileReference; explicitFileType = wrapper.framework; includeInIndex = 0; path = Pods_HeartGuard.framework; sourceTree = BUILT_PRODUCTS_DIR; };
/* End PBXFileReference section */

/* Begin PBXFrameworksBuildPhase section */
		24C5BBC51E5FA3BE00D17B2E /* Frameworks */ = {
			isa = PBXFrameworksBuildPhase;
			buildActionMask = 2147483647;
			files = (
				5E5A84C4F9380512D98D5FAA /* Pods_HeartGuard.framework in Frameworks */,
				2456873E1E7A61FF009E687E /* HealthKit.framework in Frameworks */,
			);
			runOnlyForDeploymentPostprocessing = 0;
		};
		24C5BBD91E5FA3BE00D17B2E /* Frameworks */ = {
			isa = PBXFrameworksBuildPhase;
			buildActionMask = 2147483647;
			files = (
			);
			runOnlyForDeploymentPostprocessing = 0;
		};
		24C5BBE41E5FA3BE00D17B2E /* Frameworks */ = {
			isa = PBXFrameworksBuildPhase;
			buildActionMask = 2147483647;
			files = (
			);
			runOnlyForDeploymentPostprocessing = 0;
		};
/* End PBXFrameworksBuildPhase section */

/* Begin PBXGroup section */
		247D894E1E791FE100018A5F /* View */ = {
			isa = PBXGroup;
			children = (
			);
			name = View;
			sourceTree = "<group>";
		};
		247D894F1E791FED00018A5F /* Model */ = {
			isa = PBXGroup;
			children = (
			);
			name = Model;
			sourceTree = "<group>";
		};
		247D89501E79200200018A5F /* Controller */ = {
			isa = PBXGroup;
			children = (
				24C5BBCD1E5FA3BE00D17B2E /* LoginViewController.swift */,
				24A5DA981E8333E90007C290 /* TabBarViewController.swift */,
				24A5DA9A1E83340D0007C290 /* TableViewController.swift */,
				24A5DA9C1E8334350007C290 /* DayViewController.swift */,
				24A5DA9E1E8334440007C290 /* DetailViewController.swift */,
			);
			name = Controller;
			sourceTree = "<group>";
		};
		247D89511E79200F00018A5F /* Assets */ = {
			isa = PBXGroup;
			children = (
				24C5BBCF1E5FA3BE00D17B2E /* Main.storyboard */,
				24C5BBD21E5FA3BE00D17B2E /* Assets.xcassets */,
				24C5BBD41E5FA3BE00D17B2E /* LaunchScreen.storyboard */,
			);
			name = Assets;
			sourceTree = "<group>";
		};
		247D89521E79204800018A5F /* Supporting Files */ = {
			isa = PBXGroup;
			children = (
				24C5BBD71E5FA3BE00D17B2E /* Info.plist */,
				24EFC2A71E760983009EA96A /* GoogleService-Info.plist */,
			);
			name = "Supporting Files";
			sourceTree = "<group>";
		};
		24C5BBBF1E5FA3BE00D17B2E = {
			isa = PBXGroup;
			children = (
				24C5BBCA1E5FA3BE00D17B2E /* HeartGuard */,
				24C5BBDF1E5FA3BE00D17B2E /* HeartGuardTests */,
				24C5BBEA1E5FA3BE00D17B2E /* HeartGuardUITests */,
				24C5BBC91E5FA3BE00D17B2E /* Products */,
				EE1B3602E4F73BBFFEDA48D3 /* Pods */,
				6D8E6CEB8909214228264C7A /* Frameworks */,
			);
			sourceTree = "<group>";
		};
		24C5BBC91E5FA3BE00D17B2E /* Products */ = {
			isa = PBXGroup;
			children = (
				24C5BBC81E5FA3BE00D17B2E /* HeartGuard.app */,
				24C5BBDC1E5FA3BE00D17B2E /* HeartGuardTests.xctest */,
				24C5BBE71E5FA3BE00D17B2E /* HeartGuardUITests.xctest */,
			);
			name = Products;
			sourceTree = "<group>";
		};
		24C5BBCA1E5FA3BE00D17B2E /* HeartGuard */ = {
			isa = PBXGroup;
			children = (
				2456873C1E7A61FE009E687E /* HeartGuard.entitlements */,
				247D89501E79200200018A5F /* Controller */,
				247D894E1E791FE100018A5F /* View */,
				247D894F1E791FED00018A5F /* Model */,
				247D89521E79204800018A5F /* Supporting Files */,
				247D89511E79200F00018A5F /* Assets */,
				24C5BBCB1E5FA3BE00D17B2E /* AppDelegate.swift */,
				245687401E7B4AF1009E687E /* HealthKitManager.swift */,
				2482469F1E77E69B00A3D4CB /* ViewController2.swift */,
			);
			path = HeartGuard;
			sourceTree = "<group>";
		};
		24C5BBDF1E5FA3BE00D17B2E /* HeartGuardTests */ = {
			isa = PBXGroup;
			children = (
				24C5BBE01E5FA3BE00D17B2E /* HeartGuardTests.swift */,
				24C5BBE21E5FA3BE00D17B2E /* Info.plist */,
			);
			path = HeartGuardTests;
			sourceTree = "<group>";
		};
		24C5BBEA1E5FA3BE00D17B2E /* HeartGuardUITests */ = {
			isa = PBXGroup;
			children = (
				24C5BBEB1E5FA3BE00D17B2E /* HeartGuardUITests.swift */,
				24C5BBED1E5FA3BE00D17B2E /* Info.plist */,
			);
			path = HeartGuardUITests;
			sourceTree = "<group>";
		};
		6D8E6CEB8909214228264C7A /* Frameworks */ = {
			isa = PBXGroup;
			children = (
				2456873D1E7A61FF009E687E /* HealthKit.framework */,
				BE0EABF8809E813CD7926CF8 /* Pods_HeartGuard.framework */,
			);
			name = Frameworks;
			sourceTree = "<group>";
		};
		EE1B3602E4F73BBFFEDA48D3 /* Pods */ = {
			isa = PBXGroup;
			children = (
				45547300CA02E317EF96CCAE /* Pods-HeartGuard.debug.xcconfig */,
				68AEB57C8C385E9CEE59157F /* Pods-HeartGuard.release.xcconfig */,
			);
			name = Pods;
			sourceTree = "<group>";
		};
/* End PBXGroup section */

/* Begin PBXNativeTarget section */
		24C5BBC71E5FA3BE00D17B2E /* HeartGuard */ = {
			isa = PBXNativeTarget;
			buildConfigurationList = 24C5BBF01E5FA3BE00D17B2E /* Build configuration list for PBXNativeTarget "HeartGuard" */;
			buildPhases = (
				F5752B49C817CCDA86336492 /* [CP] Check Pods Manifest.lock */,
				24C5BBC41E5FA3BE00D17B2E /* Sources */,
				24C5BBC51E5FA3BE00D17B2E /* Frameworks */,
				24C5BBC61E5FA3BE00D17B2E /* Resources */,
				822A2FB0AE7E6F66DA0ECB09 /* [CP] Embed Pods Frameworks */,
				177F9E58A4BD1F4296F0C6B7 /* [CP] Copy Pods Resources */,
			);
			buildRules = (
			);
			dependencies = (
			);
			name = HeartGuard;
			productName = HeartGuard;
			productReference = 24C5BBC81E5FA3BE00D17B2E /* HeartGuard.app */;
			productType = "com.apple.product-type.application";
		};
		24C5BBDB1E5FA3BE00D17B2E /* HeartGuardTests */ = {
			isa = PBXNativeTarget;
			buildConfigurationList = 24C5BBF31E5FA3BE00D17B2E /* Build configuration list for PBXNativeTarget "HeartGuardTests" */;
			buildPhases = (
				24C5BBD81E5FA3BE00D17B2E /* Sources */,
				24C5BBD91E5FA3BE00D17B2E /* Frameworks */,
				24C5BBDA1E5FA3BE00D17B2E /* Resources */,
			);
			buildRules = (
			);
			dependencies = (
				24C5BBDE1E5FA3BE00D17B2E /* PBXTargetDependency */,
			);
			name = HeartGuardTests;
			productName = HeartGuardTests;
			productReference = 24C5BBDC1E5FA3BE00D17B2E /* HeartGuardTests.xctest */;
			productType = "com.apple.product-type.bundle.unit-test";
		};
		24C5BBE61E5FA3BE00D17B2E /* HeartGuardUITests */ = {
			isa = PBXNativeTarget;
			buildConfigurationList = 24C5BBF61E5FA3BE00D17B2E /* Build configuration list for PBXNativeTarget "HeartGuardUITests" */;
			buildPhases = (
				24C5BBE31E5FA3BE00D17B2E /* Sources */,
				24C5BBE41E5FA3BE00D17B2E /* Frameworks */,
				24C5BBE51E5FA3BE00D17B2E /* Resources */,
			);
			buildRules = (
			);
			dependencies = (
				24C5BBE91E5FA3BE00D17B2E /* PBXTargetDependency */,
			);
			name = HeartGuardUITests;
			productName = HeartGuardUITests;
			productReference = 24C5BBE71E5FA3BE00D17B2E /* HeartGuardUITests.xctest */;
			productType = "com.apple.product-type.bundle.ui-testing";
		};
/* End PBXNativeTarget section */

/* Begin PBXProject section */
		24C5BBC01E5FA3BE00D17B2E /* Project object */ = {
			isa = PBXProject;
			attributes = {
				LastSwiftUpdateCheck = 0820;
				LastUpgradeCheck = 0820;
				ORGANIZATIONNAME = saneryee;
				TargetAttributes = {
					24C5BBC71E5FA3BE00D17B2E = {
						CreatedOnToolsVersion = 8.2.1;
						DevelopmentTeam = 9MF9GV29AQ;
						ProvisioningStyle = Automatic;
						SystemCapabilities = {
							com.apple.HealthKit = {
								enabled = 1;
							};
						};
					};
					24C5BBDB1E5FA3BE00D17B2E = {
						CreatedOnToolsVersion = 8.2.1;
						DevelopmentTeam = 9MF9GV29AQ;
						ProvisioningStyle = Automatic;
						TestTargetID = 24C5BBC71E5FA3BE00D17B2E;
					};
					24C5BBE61E5FA3BE00D17B2E = {
						CreatedOnToolsVersion = 8.2.1;
						DevelopmentTeam = 9MF9GV29AQ;
						ProvisioningStyle = Automatic;
						TestTargetID = 24C5BBC71E5FA3BE00D17B2E;
					};
				};
			};
			buildConfigurationList = 24C5BBC31E5FA3BE00D17B2E /* Build configuration list for PBXProject "HeartGuard" */;
			compatibilityVersion = "Xcode 3.2";
			developmentRegion = English;
			hasScannedForEncodings = 0;
			knownRegions = (
				en,
				Base,
			);
			mainGroup = 24C5BBBF1E5FA3BE00D17B2E;
			productRefGroup = 24C5BBC91E5FA3BE00D17B2E /* Products */;
			projectDirPath = "";
			projectRoot = "";
			targets = (
				24C5BBC71E5FA3BE00D17B2E /* HeartGuard */,
				24C5BBDB1E5FA3BE00D17B2E /* HeartGuardTests */,
				24C5BBE61E5FA3BE00D17B2E /* HeartGuardUITests */,
			);
		};
/* End PBXProject section */

/* Begin PBXResourcesBuildPhase section */
		24C5BBC61E5FA3BE00D17B2E /* Resources */ = {
			isa = PBXResourcesBuildPhase;
			buildActionMask = 2147483647;
			files = (
				24C5BBD61E5FA3BE00D17B2E /* LaunchScreen.storyboard in Resources */,
				24C5BBD31E5FA3BE00D17B2E /* Assets.xcassets in Resources */,
				24EFC2A81E760983009EA96A /* GoogleService-Info.plist in Resources */,
				24C5BBD11E5FA3BE00D17B2E /* Main.storyboard in Resources */,
			);
			runOnlyForDeploymentPostprocessing = 0;
		};
		24C5BBDA1E5FA3BE00D17B2E /* Resources */ = {
			isa = PBXResourcesBuildPhase;
			buildActionMask = 2147483647;
			files = (
			);
			runOnlyForDeploymentPostprocessing = 0;
		};
		24C5BBE51E5FA3BE00D17B2E /* Resources */ = {
			isa = PBXResourcesBuildPhase;
			buildActionMask = 2147483647;
			files = (
			);
			runOnlyForDeploymentPostprocessing = 0;
		};
/* End PBXResourcesBuildPhase section */

/* Begin PBXShellScriptBuildPhase section */
		177F9E58A4BD1F4296F0C6B7 /* [CP] Copy Pods Resources */ = {
			isa = PBXShellScriptBuildPhase;
			buildActionMask = 2147483647;
			files = (
			);
			inputPaths = (
			);
			name = "[CP] Copy Pods Resources";
			outputPaths = (
			);
			runOnlyForDeploymentPostprocessing = 0;
			shellPath = /bin/sh;
			shellScript = "\"${SRCROOT}/Pods/Target Support Files/Pods-HeartGuard/Pods-HeartGuard-resources.sh\"\n";
			showEnvVarsInLog = 0;
		};
		822A2FB0AE7E6F66DA0ECB09 /* [CP] Embed Pods Frameworks */ = {
			isa = PBXShellScriptBuildPhase;
			buildActionMask = 2147483647;
			files = (
			);
			inputPaths = (
			);
			name = "[CP] Embed Pods Frameworks";
			outputPaths = (
			);
			runOnlyForDeploymentPostprocessing = 0;
			shellPath = /bin/sh;
			shellScript = "\"${SRCROOT}/Pods/Target Support Files/Pods-HeartGuard/Pods-HeartGuard-frameworks.sh\"\n";
			showEnvVarsInLog = 0;
		};
		F5752B49C817CCDA86336492 /* [CP] Check Pods Manifest.lock */ = {
			isa = PBXShellScriptBuildPhase;
			buildActionMask = 2147483647;
			files = (
			);
			inputPaths = (
			);
			name = "[CP] Check Pods Manifest.lock";
			outputPaths = (
			);
			runOnlyForDeploymentPostprocessing = 0;
			shellPath = /bin/sh;
			shellScript = "diff \"${PODS_ROOT}/../Podfile.lock\" \"${PODS_ROOT}/Manifest.lock\" > /dev/null\nif [ $? != 0 ] ; then\n    # print error to STDERR\n    echo \"error: The sandbox is not in sync with the Podfile.lock. Run 'pod install' or update your CocoaPods installation.\" >&2\n    exit 1\nfi\n";
			showEnvVarsInLog = 0;
		};
/* End PBXShellScriptBuildPhase section */

/* Begin PBXSourcesBuildPhase section */
		24C5BBC41E5FA3BE00D17B2E /* Sources */ = {
			isa = PBXSourcesBuildPhase;
			buildActionMask = 2147483647;
			files = (
				24C5BBCE1E5FA3BE00D17B2E /* LoginViewController.swift in Sources */,
				24A5DA9B1E83340D0007C290 /* TableViewController.swift in Sources */,
				24C5BBCC1E5FA3BE00D17B2E /* AppDelegate.swift in Sources */,
				245687411E7B4AF1009E687E /* HealthKitManager.swift in Sources */,
				24A5DA991E8333E90007C290 /* TabBarViewController.swift in Sources */,
				24A5DA9D1E8334350007C290 /* DayViewController.swift in Sources */,
				248246A01E77E69B00A3D4CB /* ViewController2.swift in Sources */,
				24A5DA9F1E8334440007C290 /* DetailViewController.swift in Sources */,
			);
			runOnlyForDeploymentPostprocessing = 0;
		};
		24C5BBD81E5FA3BE00D17B2E /* Sources */ = {
			isa = PBXSourcesBuildPhase;
			buildActionMask = 2147483647;
			files = (
				24C5BBE11E5FA3BE00D17B2E /* HeartGuardTests.swift in Sources */,
			);
			runOnlyForDeploymentPostprocessing = 0;
		};
		24C5BBE31E5FA3BE00D17B2E /* Sources */ = {
			isa = PBXSourcesBuildPhase;
			buildActionMask = 2147483647;
			files = (
				24C5BBEC1E5FA3BE00D17B2E /* HeartGuardUITests.swift in Sources */,
			);
			runOnlyForDeploymentPostprocessing = 0;
		};
/* End PBXSourcesBuildPhase section */

/* Begin PBXTargetDependency section */
		24C5BBDE1E5FA3BE00D17B2E /* PBXTargetDependency */ = {
			isa = PBXTargetDependency;
			target = 24C5BBC71E5FA3BE00D17B2E /* HeartGuard */;
			targetProxy = 24C5BBDD1E5FA3BE00D17B2E /* PBXContainerItemProxy */;
		};
		24C5BBE91E5FA3BE00D17B2E /* PBXTargetDependency */ = {
			isa = PBXTargetDependency;
			target = 24C5BBC71E5FA3BE00D17B2E /* HeartGuard */;
			targetProxy = 24C5BBE81E5FA3BE00D17B2E /* PBXContainerItemProxy */;
		};
/* End PBXTargetDependency section */

/* Begin PBXVariantGroup section */
		24C5BBCF1E5FA3BE00D17B2E /* Main.storyboard */ = {
			isa = PBXVariantGroup;
			children = (
				24C5BBD01E5FA3BE00D17B2E /* Base */,
			);
			name = Main.storyboard;
			sourceTree = "<group>";
		};
		24C5BBD41E5FA3BE00D17B2E /* LaunchScreen.storyboard */ = {
			isa = PBXVariantGroup;
			children = (
				24C5BBD51E5FA3BE00D17B2E /* Base */,
			);
			name = LaunchScreen.storyboard;
			sourceTree = "<group>";
		};
/* End PBXVariantGroup section */

/* Begin XCBuildConfiguration section */
		24C5BBEE1E5FA3BE00D17B2E /* Debug */ = {
			isa = XCBuildConfiguration;
			buildSettings = {
				ALWAYS_SEARCH_USER_PATHS = NO;
				CLANG_ANALYZER_NONNULL = YES;
				CLANG_CXX_LANGUAGE_STANDARD = "gnu++0x";
				CLANG_CXX_LIBRARY = "libc++";
				CLANG_ENABLE_MODULES = YES;
				CLANG_ENABLE_OBJC_ARC = YES;
				CLANG_WARN_BOOL_CONVERSION = YES;
				CLANG_WARN_CONSTANT_CONVERSION = YES;
				CLANG_WARN_DIRECT_OBJC_ISA_USAGE = YES_ERROR;
				CLANG_WARN_DOCUMENTATION_COMMENTS = YES;
				CLANG_WARN_EMPTY_BODY = YES;
				CLANG_WARN_ENUM_CONVERSION = YES;
				CLANG_WARN_INFINITE_RECURSION = YES;
				CLANG_WARN_INT_CONVERSION = YES;
				CLANG_WARN_OBJC_ROOT_CLASS = YES_ERROR;
				CLANG_WARN_SUSPICIOUS_MOVE = YES;
				CLANG_WARN_UNREACHABLE_CODE = YES;
				CLANG_WARN__DUPLICATE_METHOD_MATCH = YES;
				"CODE_SIGN_IDENTITY[sdk=iphoneos*]" = "iPhone Developer";
				COPY_PHASE_STRIP = NO;
				DEBUG_INFORMATION_FORMAT = dwarf;
				ENABLE_STRICT_OBJC_MSGSEND = YES;
				ENABLE_TESTABILITY = YES;
				GCC_C_LANGUAGE_STANDARD = gnu99;
				GCC_DYNAMIC_NO_PIC = NO;
				GCC_NO_COMMON_BLOCKS = YES;
				GCC_OPTIMIZATION_LEVEL = 0;
				GCC_PREPROCESSOR_DEFINITIONS = (
					"DEBUG=1",
					"$(inherited)",
				);
				GCC_WARN_64_TO_32_BIT_CONVERSION = YES;
				GCC_WARN_ABOUT_RETURN_TYPE = YES_ERROR;
				GCC_WARN_UNDECLARED_SELECTOR = YES;
				GCC_WARN_UNINITIALIZED_AUTOS = YES_AGGRESSIVE;
				GCC_WARN_UNUSED_FUNCTION = YES;
				GCC_WARN_UNUSED_VARIABLE = YES;
				IPHONEOS_DEPLOYMENT_TARGET = 10.2;
				MTL_ENABLE_DEBUG_INFO = YES;
				ONLY_ACTIVE_ARCH = YES;
				SDKROOT = iphoneos;
				SWIFT_ACTIVE_COMPILATION_CONDITIONS = DEBUG;
				SWIFT_OPTIMIZATION_LEVEL = "-Onone";
			};
			name = Debug;
		};
		24C5BBEF1E5FA3BE00D17B2E /* Release */ = {
			isa = XCBuildConfiguration;
			buildSettings = {
				ALWAYS_SEARCH_USER_PATHS = NO;
				CLANG_ANALYZER_NONNULL = YES;
				CLANG_CXX_LANGUAGE_STANDARD = "gnu++0x";
				CLANG_CXX_LIBRARY = "libc++";
				CLANG_ENABLE_MODULES = YES;
				CLANG_ENABLE_OBJC_ARC = YES;
				CLANG_WARN_BOOL_CONVERSION = YES;
				CLANG_WARN_CONSTANT_CONVERSION = YES;
				CLANG_WARN_DIRECT_OBJC_ISA_USAGE = YES_ERROR;
				CLANG_WARN_DOCUMENTATION_COMMENTS = YES;
				CLANG_WARN_EMPTY_BODY = YES;
				CLANG_WARN_ENUM_CONVERSION = YES;
				CLANG_WARN_INFINITE_RECURSION = YES;
				CLANG_WARN_INT_CONVERSION = YES;
				CLANG_WARN_OBJC_ROOT_CLASS = YES_ERROR;
				CLANG_WARN_SUSPICIOUS_MOVE = YES;
				CLANG_WARN_UNREACHABLE_CODE = YES;
				CLANG_WARN__DUPLICATE_METHOD_MATCH = YES;
				"CODE_SIGN_IDENTITY[sdk=iphoneos*]" = "iPhone Developer";
				COPY_PHASE_STRIP = NO;
				DEBUG_INFORMATION_FORMAT = "dwarf-with-dsym";
				ENABLE_NS_ASSERTIONS = NO;
				ENABLE_STRICT_OBJC_MSGSEND = YES;
				GCC_C_LANGUAGE_STANDARD = gnu99;
				GCC_NO_COMMON_BLOCKS = YES;
				GCC_WARN_64_TO_32_BIT_CONVERSION = YES;
				GCC_WARN_ABOUT_RETURN_TYPE = YES_ERROR;
				GCC_WARN_UNDECLARED_SELECTOR = YES;
				GCC_WARN_UNINITIALIZED_AUTOS = YES_AGGRESSIVE;
				GCC_WARN_UNUSED_FUNCTION = YES;
				GCC_WARN_UNUSED_VARIABLE = YES;
				IPHONEOS_DEPLOYMENT_TARGET = 10.2;
				MTL_ENABLE_DEBUG_INFO = NO;
				SDKROOT = iphoneos;
				SWIFT_OPTIMIZATION_LEVEL = "-Owholemodule";
				VALIDATE_PRODUCT = YES;
			};
			name = Release;
		};
		24C5BBF11E5FA3BE00D17B2E /* Debug */ = {
			isa = XCBuildConfiguration;
			baseConfigurationReference = 45547300CA02E317EF96CCAE /* Pods-HeartGuard.debug.xcconfig */;
			buildSettings = {
				ASSETCATALOG_COMPILER_APPICON_NAME = AppIcon;
				CODE_SIGN_ENTITLEMENTS = HeartGuard/HeartGuard.entitlements;
				DEVELOPMENT_TEAM = 9MF9GV29AQ;
				INFOPLIST_FILE = HeartGuard/Info.plist;
				LD_RUNPATH_SEARCH_PATHS = "$(inherited) @executable_path/Frameworks";
				PRODUCT_BUNDLE_IDENTIFIER = com.saneryee.HeartGuard;
				PRODUCT_NAME = "$(TARGET_NAME)";
				SWIFT_VERSION = 3.0;
			};
			name = Debug;
		};
		24C5BBF21E5FA3BE00D17B2E /* Release */ = {
			isa = XCBuildConfiguration;
			baseConfigurationReference = 68AEB57C8C385E9CEE59157F /* Pods-HeartGuard.release.xcconfig */;
			buildSettings = {
				ASSETCATALOG_COMPILER_APPICON_NAME = AppIcon;
				CODE_SIGN_ENTITLEMENTS = HeartGuard/HeartGuard.entitlements;
				DEVELOPMENT_TEAM = 9MF9GV29AQ;
				INFOPLIST_FILE = HeartGuard/Info.plist;
				LD_RUNPATH_SEARCH_PATHS = "$(inherited) @executable_path/Frameworks";
				PRODUCT_BUNDLE_IDENTIFIER = com.saneryee.HeartGuard;
				PRODUCT_NAME = "$(TARGET_NAME)";
				SWIFT_VERSION = 3.0;
			};
			name = Release;
		};
		24C5BBF41E5FA3BE00D17B2E /* Debug */ = {
			isa = XCBuildConfiguration;
			buildSettings = {
				ALWAYS_EMBED_SWIFT_STANDARD_LIBRARIES = YES;
				BUNDLE_LOADER = "$(TEST_HOST)";
				DEVELOPMENT_TEAM = 9MF9GV29AQ;
				INFOPLIST_FILE = HeartGuardTests/Info.plist;
				LD_RUNPATH_SEARCH_PATHS = "$(inherited) @executable_path/Frameworks @loader_path/Frameworks";
				PRODUCT_BUNDLE_IDENTIFIER = saneryee.HeartGuardTests;
				PRODUCT_NAME = "$(TARGET_NAME)";
				SWIFT_VERSION = 3.0;
				TEST_HOST = "$(BUILT_PRODUCTS_DIR)/HeartGuard.app/HeartGuard";
			};
			name = Debug;
		};
		24C5BBF51E5FA3BE00D17B2E /* Release */ = {
			isa = XCBuildConfiguration;
			buildSettings = {
				ALWAYS_EMBED_SWIFT_STANDARD_LIBRARIES = YES;
				BUNDLE_LOADER = "$(TEST_HOST)";
				DEVELOPMENT_TEAM = 9MF9GV29AQ;
				INFOPLIST_FILE = HeartGuardTests/Info.plist;
				LD_RUNPATH_SEARCH_PATHS = "$(inherited) @executable_path/Frameworks @loader_path/Frameworks";
				PRODUCT_BUNDLE_IDENTIFIER = saneryee.HeartGuardTests;
				PRODUCT_NAME = "$(TARGET_NAME)";
				SWIFT_VERSION = 3.0;
				TEST_HOST = "$(BUILT_PRODUCTS_DIR)/HeartGuard.app/HeartGuard";
			};
			name = Release;
		};
		24C5BBF71E5FA3BE00D17B2E /* Debug */ = {
			isa = XCBuildConfiguration;
			buildSettings = {
				ALWAYS_EMBED_SWIFT_STANDARD_LIBRARIES = YES;
				DEVELOPMENT_TEAM = 9MF9GV29AQ;
				INFOPLIST_FILE = HeartGuardUITests/Info.plist;
				LD_RUNPATH_SEARCH_PATHS = "$(inherited) @executable_path/Frameworks @loader_path/Frameworks";
				PRODUCT_BUNDLE_IDENTIFIER = saneryee.HeartGuardUITests;
				PRODUCT_NAME = "$(TARGET_NAME)";
				SWIFT_VERSION = 3.0;
				TEST_TARGET_NAME = HeartGuard;
			};
			name = Debug;
		};
		24C5BBF81E5FA3BE00D17B2E /* Release */ = {
			isa = XCBuildConfiguration;
			buildSettings = {
				ALWAYS_EMBED_SWIFT_STANDARD_LIBRARIES = YES;
				DEVELOPMENT_TEAM = 9MF9GV29AQ;
				INFOPLIST_FILE = HeartGuardUITests/Info.plist;
				LD_RUNPATH_SEARCH_PATHS = "$(inherited) @executable_path/Frameworks @loader_path/Frameworks";
				PRODUCT_BUNDLE_IDENTIFIER = saneryee.HeartGuardUITests;
				PRODUCT_NAME = "$(TARGET_NAME)";
				SWIFT_VERSION = 3.0;
				TEST_TARGET_NAME = HeartGuard;
			};
			name = Release;
		};
/* End XCBuildConfiguration section */

/* Begin XCConfigurationList section */
		24C5BBC31E5FA3BE00D17B2E /* Build configuration list for PBXProject "HeartGuard" */ = {
			isa = XCConfigurationList;
			buildConfigurations = (
				24C5BBEE1E5FA3BE00D17B2E /* Debug */,
				24C5BBEF1E5FA3BE00D17B2E /* Release */,
			);
			defaultConfigurationIsVisible = 0;
			defaultConfigurationName = Release;
		};
		24C5BBF01E5FA3BE00D17B2E /* Build configuration list for PBXNativeTarget "HeartGuard" */ = {
			isa = XCConfigurationList;
			buildConfigurations = (
				24C5BBF11E5FA3BE00D17B2E /* Debug */,
				24C5BBF21E5FA3BE00D17B2E /* Release */,
			);
			defaultConfigurationIsVisible = 0;
			defaultConfigurationName = Release;
		};
		24C5BBF31E5FA3BE00D17B2E /* Build configuration list for PBXNativeTarget "HeartGuardTests" */ = {
			isa = XCConfigurationList;
			buildConfigurations = (
				24C5BBF41E5FA3BE00D17B2E /* Debug */,
				24C5BBF51E5FA3BE00D17B2E /* Release */,
			);
			defaultConfigurationIsVisible = 0;
			defaultConfigurationName = Release;
		};
		24C5BBF61E5FA3BE00D17B2E /* Build configuration list for PBXNativeTarget "HeartGuardUITests" */ = {
			isa = XCConfigurationList;
			buildConfigurations = (
				24C5BBF71E5FA3BE00D17B2E /* Debug */,
				24C5BBF81E5FA3BE00D17B2E /* Release */,
			);
			defaultConfigurationIsVisible = 0;
			defaultConfigurationName = Release;
		};
/* End XCConfigurationList section */
	};
	rootObject = 24C5BBC01E5FA3BE00D17B2E /* Project object */;
}
